{
  "name": "clojurescript",
  "version": "0.0.10",
  "lockfileVersion": 1,
  "requires": true,
  "dependencies": {
    "adm-zip": {
      "version": "0.4.7",
      "resolved": "https://registry.npmjs.org/adm-zip/-/adm-zip-0.4.7.tgz",
      "integrity": "sha1-hgbCy/HEJs6MjsABdER/1Jtur8E="
    }
  }
}
